
Microsoft Visual Studio Solution File, Format Version 12.00
# Visual Studio Version 17
VisualStudioVersion = 17.5.33516.290
MinimumVisualStudioVersion = 10.0.40219.1
Project("{FAE04EC0-301F-11D3-BF4B-00C04F79EFBC}") = "LinQDemo4", "LinQDemo4\LinQDemo4.csproj", "{185E09F9-D087-4C36-A50B-EA099DB3F1D6}"
EndProject
Global
	GlobalSection(SolutionConfigurationPlatforms) = preSolution
		Debug|Any CPU = Debug|Any CPU
		Release|Any CPU = Release|Any CPU
	EndGlobalSection
	GlobalSection(ProjectConfigurationPlatforms) = postSolution
		{185E09F9-D087-4C36-A50B-EA099DB3F1D6}.Debug|Any CPU.ActiveCfg = Debug|Any CPU
		{185E09F9-D087-4C36-A50B-EA099DB3F1D6}.Debug|Any CPU.Build.0 = Debug|Any CPU
		{185E09F9-D087-4C36-A50B-EA099DB3F1D6}.Release|Any CPU.ActiveCfg = Release|Any CPU
		{185E09F9-D087-4C36-A50B-EA099DB3F1D6}.Release|Any CPU.Build.0 = Release|Any CPU
	EndGlobalSection
	GlobalSection(SolutionProperties) = preSolution
		HideSolutionNode = FALSE
	EndGlobalSection
	GlobalSection(ExtensibilityGlobals) = postSolution
		SolutionGuid = {328B5792-70A3-4DE4-B00F-9CE7C4B74893}
	EndGlobalSection
EndGlobal
