
Microsoft Visual Studio Solution File, Format Version 12.00
# Visual Studio Version 17
VisualStudioVersion = 17.5.33516.290
MinimumVisualStudioVersion = 10.0.40219.1
Project("{FAE04EC0-301F-11D3-BF4B-00C04F79EFBC}") = "LinqWithArray", "LinqWithArray\LinqWithArray.csproj", "{EEC96F9F-BC3B-4073-A25C-804FCAD4F130}"
EndProject
Global
	GlobalSection(SolutionConfigurationPlatforms) = preSolution
		Debug|Any CPU = Debug|Any CPU
		Release|Any CPU = Release|Any CPU
	EndGlobalSection
	GlobalSection(ProjectConfigurationPlatforms) = postSolution
		{EEC96F9F-BC3B-4073-A25C-804FCAD4F130}.Debug|Any CPU.ActiveCfg = Debug|Any CPU
		{EEC96F9F-BC3B-4073-A25C-804FCAD4F130}.Debug|Any CPU.Build.0 = Debug|Any CPU
		{EEC96F9F-BC3B-4073-A25C-804FCAD4F130}.Release|Any CPU.ActiveCfg = Release|Any CPU
		{EEC96F9F-BC3B-4073-A25C-804FCAD4F130}.Release|Any CPU.Build.0 = Release|Any CPU
	EndGlobalSection
	GlobalSection(SolutionProperties) = preSolution
		HideSolutionNode = FALSE
	EndGlobalSection
	GlobalSection(ExtensibilityGlobals) = postSolution
		SolutionGuid = {C4EB81C7-20D7-4982-999E-B934031EEC07}
	EndGlobalSection
EndGlobal
